// !$*UTF8*$!
{
	archiveVersion = 1;
	classes = {
	};
	objectVersion = 46;
	objects = {

/* Begin PBXBuildFile section */
		6374EA4615D9A921003D47D3 /* UIKit.framework in Frameworks */ = {isa = PBXBuildFile; fileRef = 6374EA4515D9A921003D47D3 /* UIKit.framework */; };
		6374EA4815D9A921003D47D3 /* Foundation.framework in Frameworks */ = {isa = PBXBuildFile; fileRef = 6374EA4715D9A921003D47D3 /* Foundation.framework */; };
		6374EA4A15D9A921003D47D3 /* CoreGraphics.framework in Frameworks */ = {isa = PBXBuildFile; fileRef = 6374EA4915D9A921003D47D3 /* CoreGraphics.framework */; };
		6374EA5015D9A921003D47D3 /* InfoPlist.strings in Resources */ = {isa = PBXBuildFile; fileRef = 6374EA4E15D9A921003D47D3 /* InfoPlist.strings */; };
		6374EA5215D9A921003D47D3 /* main.m in Sources */ = {isa = PBXBuildFile; fileRef = 6374EA5115D9A921003D47D3 /* main.m */; };
		6374EA5615D9A921003D47D3 /* AppDelegate.m in Sources */ = {isa = PBXBuildFile; fileRef = 6374EA5515D9A921003D47D3 /* AppDelegate.m */; };
		6374EA5915D9A921003D47D3 /* ViewController.mm in Sources */ = {isa = PBXBuildFile; fileRef = 6374EA5815D9A921003D47D3 /* ViewController.mm */; };
		6374EA5C15D9A921003D47D3 /* ViewController_iPhone.xib in Resources */ = {isa = PBXBuildFile; fileRef = 6374EA5A15D9A921003D47D3 /* ViewController_iPhone.xib */; };
		6374EA5F15D9A921003D47D3 /* ViewController_iPad.xib in Resources */ = {isa = PBXBuildFile; fileRef = 6374EA5D15D9A921003D47D3 /* ViewController_iPad.xib */; };
		6374EA6815D9A95F003D47D3 /* mo_audio.mm in Sources */ = {isa = PBXBuildFile; fileRef = 6374EA6615D9A95F003D47D3 /* mo_audio.mm */; };
		6374EA6B15D9A977003D47D3 /* AudioToolbox.framework in Frameworks */ = {isa = PBXBuildFile; fileRef = 6374EA6915D9A977003D47D3 /* AudioToolbox.framework */; };
		6374EA6C15D9A977003D47D3 /* CoreAudio.framework in Frameworks */ = {isa = PBXBuildFile; fileRef = 6374EA6A15D9A977003D47D3 /* CoreAudio.framework */; };
		6374EA6F15D9A99B003D47D3 /* Audio.cpp in Sources */ = {isa = PBXBuildFile; fileRef = 6374EA6E15D9A99B003D47D3 /* Audio.cpp */; };
/* End PBXBuildFile section */

/* Begin PBXFileReference section */
		6374EA4115D9A920003D47D3 /* Oscillator.app */ = {isa = PBXFileReference; explicitFileType = wrapper.application; includeInIndex = 0; path = Oscillator.app; sourceTree = BUILT_PRODUCTS_DIR; };
		6374EA4515D9A921003D47D3 /* UIKit.framework */ = {isa = PBXFileReference; lastKnownFileType = wrapper.framework; name = UIKit.framework; path = System/Library/Frameworks/UIKit.framework; sourceTree = SDKROOT; };
		6374EA4715D9A921003D47D3 /* Foundation.framework */ = {isa = PBXFileReference; lastKnownFileType = wrapper.framework; name = Foundation.framework; path = System/Library/Frameworks/Foundation.framework; sourceTree = SDKROOT; };
		6374EA4915D9A921003D47D3 /* CoreGraphics.framework */ = {isa = PBXFileReference; lastKnownFileType = wrapper.framework; name = CoreGraphics.framework; path = System/Library/Frameworks/CoreGraphics.framework; sourceTree = SDKROOT; };
		6374EA4D15D9A921003D47D3 /* Oscillator-Info.plist */ = {isa = PBXFileReference; lastKnownFileType = text.plist.xml; path = "Oscillator-Info.plist"; sourceTree = "<group>"; };
		6374EA4F15D9A921003D47D3 /* en */ = {isa = PBXFileReference; lastKnownFileType = text.plist.strings; name = en; path = en.lproj/InfoPlist.strings; sourceTree = "<group>"; };
		6374EA5115D9A921003D47D3 /* main.m */ = {isa = PBXFileReference; lastKnownFileType = sourcecode.c.objc; path = main.m; sourceTree = "<group>"; };
		6374EA5315D9A921003D47D3 /* Oscillator-Prefix.pch */ = {isa = PBXFileReference; lastKnownFileType = sourcecode.c.h; path = "Oscillator-Prefix.pch"; sourceTree = "<group>"; };
		6374EA5415D9A921003D47D3 /* AppDelegate.h */ = {isa = PBXFileReference; lastKnownFileType = sourcecode.c.h; path = AppDelegate.h; sourceTree = "<group>"; };
		6374EA5515D9A921003D47D3 /* AppDelegate.m */ = {isa = PBXFileReference; lastKnownFileType = sourcecode.c.objc; path = AppDelegate.m; sourceTree = "<group>"; };
		6374EA5715D9A921003D47D3 /* ViewController.h */ = {isa = PBXFileReference; lastKnownFileType = sourcecode.c.h; path = ViewController.h; sourceTree = "<group>"; };
		6374EA5815D9A921003D47D3 /* ViewController.mm */ = {isa = PBXFileReference; lastKnownFileType = sourcecode.cpp.objcpp; path = ViewController.mm; sourceTree = "<group>"; };
		6374EA5B15D9A921003D47D3 /* en */ = {isa = PBXFileReference; lastKnownFileType = file.xib; name = en; path = en.lproj/ViewController_iPhone.xib; sourceTree = "<group>"; };
		6374EA5E15D9A921003D47D3 /* en */ = {isa = PBXFileReference; lastKnownFileType = file.xib; name = en; path = en.lproj/ViewController_iPad.xib; sourceTree = "<group>"; };
		6374EA6515D9A95F003D47D3 /* mo_audio.h */ = {isa = PBXFileReference; fileEncoding = 4; lastKnownFileType = sourcecode.c.h; path = mo_audio.h; sourceTree = "<group>"; };
		6374EA6615D9A95F003D47D3 /* mo_audio.mm */ = {isa = PBXFileReference; fileEncoding = 4; lastKnownFileType = sourcecode.cpp.objcpp; path = mo_audio.mm; sourceTree = "<group>"; };
		6374EA6715D9A95F003D47D3 /* mo_def.h */ = {isa = PBXFileReference; fileEncoding = 4; lastKnownFileType = sourcecode.c.h; path = mo_def.h; sourceTree = "<group>"; };
		6374EA6915D9A977003D47D3 /* AudioToolbox.framework */ = {isa = PBXFileReference; lastKnownFileType = wrapper.framework; name = AudioToolbox.framework; path = System/Library/Frameworks/AudioToolbox.framework; sourceTree = SDKROOT; };
		6374EA6A15D9A977003D47D3 /* CoreAudio.framework */ = {isa = PBXFileReference; lastKnownFileType = wrapper.framework; name = CoreAudio.framework; path = System/Library/Frameworks/CoreAudio.framework; sourceTree = SDKROOT; };
		6374EA6D15D9A99B003D47D3 /* Audio.h */ = {isa = PBXFileReference; fileEncoding = 4; lastKnownFileType = sourcecode.c.h; path = Audio.h; sourceTree = "<group>"; };
		6374EA6E15D9A99B003D47D3 /* Audio.cpp */ = {isa = PBXFileReference; fileEncoding = 4; lastKnownFileType = sourcecode.cpp.cpp; path = Audio.cpp; sourceTree = "<group>"; };
/* End PBXFileReference section */

/* Begin PBXFrameworksBuildPhase section */
		6374EA3E15D9A920003D47D3 /* Frameworks */ = {
			isa = PBXFrameworksBuildPhase;
			buildActionMask = 2147483647;
			files = (
				6374EA6B15D9A977003D47D3 /* AudioToolbox.framework in Frameworks */,
				6374EA6C15D9A977003D47D3 /* CoreAudio.framework in Frameworks */,
				6374EA4615D9A921003D47D3 /* UIKit.framework in Frameworks */,
				6374EA4815D9A921003D47D3 /* Foundation.framework in Frameworks */,
				6374EA4A15D9A921003D47D3 /* CoreGraphics.framework in Frameworks */,
			);
			runOnlyForDeploymentPostprocessing = 0;
		};
/* End PBXFrameworksBuildPhase section */

/* Begin PBXGroup section */
		6374EA3615D9A920003D47D3 = {
			isa = PBXGroup;
			children = (
				6374EA6915D9A977003D47D3 /* AudioToolbox.framework */,
				6374EA6A15D9A977003D47D3 /* CoreAudio.framework */,
				6374EA4B15D9A921003D47D3 /* Oscillator */,
				6374EA4415D9A921003D47D3 /* Frameworks */,
				6374EA4215D9A920003D47D3 /* Products */,
			);
			sourceTree = "<group>";
		};
		6374EA4215D9A920003D47D3 /* Products */ = {
			isa = PBXGroup;
			children = (
				6374EA4115D9A920003D47D3 /* Oscillator.app */,
			);
			name = Products;
			sourceTree = "<group>";
		};
		6374EA4415D9A921003D47D3 /* Frameworks */ = {
			isa = PBXGroup;
			children = (
				6374EA4515D9A921003D47D3 /* UIKit.framework */,
				6374EA4715D9A921003D47D3 /* Foundation.framework */,
				6374EA4915D9A921003D47D3 /* CoreGraphics.framework */,
			);
			name = Frameworks;
			sourceTree = "<group>";
		};
		6374EA4B15D9A921003D47D3 /* Oscillator */ = {
			isa = PBXGroup;
			children = (
				6374EA6515D9A95F003D47D3 /* mo_audio.h */,
				6374EA6615D9A95F003D47D3 /* mo_audio.mm */,
				6374EA6715D9A95F003D47D3 /* mo_def.h */,
				6374EA5415D9A921003D47D3 /* AppDelegate.h */,
				6374EA5515D9A921003D47D3 /* AppDelegate.m */,
				6374EA5715D9A921003D47D3 /* ViewController.h */,
				6374EA5815D9A921003D47D3 /* ViewController.mm */,
				6374EA5A15D9A921003D47D3 /* ViewController_iPhone.xib */,
				6374EA5D15D9A921003D47D3 /* ViewController_iPad.xib */,
				6374EA6D15D9A99B003D47D3 /* Audio.h */,
				6374EA6E15D9A99B003D47D3 /* Audio.cpp */,
				6374EA4C15D9A921003D47D3 /* Supporting Files */,
			);
			path = Oscillator;
			sourceTree = "<group>";
		};
		6374EA4C15D9A921003D47D3 /* Supporting Files */ = {
			isa = PBXGroup;
			children = (
				6374EA4D15D9A921003D47D3 /* Oscillator-Info.plist */,
				6374EA4E15D9A921003D47D3 /* InfoPlist.strings */,
				6374EA5115D9A921003D47D3 /* main.m */,
				6374EA5315D9A921003D47D3 /* Oscillator-Prefix.pch */,
			);
			name = "Supporting Files";
			sourceTree = "<group>";
		};
/* End PBXGroup section */

/* Begin PBXNativeTarget section */
		6374EA4015D9A920003D47D3 /* Oscillator */ = {
			isa = PBXNativeTarget;
			buildConfigurationList = 6374EA6215D9A921003D47D3 /* Build configuration list for PBXNativeTarget "Oscillator" */;
			buildPhases = (
				6374EA3D15D9A920003D47D3 /* Sources */,
				6374EA3E15D9A920003D47D3 /* Frameworks */,
				6374EA3F15D9A920003D47D3 /* Resources */,
			);
			buildRules = (
			);
			dependencies = (
			);
			name = Oscillator;
			productName = Oscillator;
			productReference = 6374EA4115D9A920003D47D3 /* Oscillator.app */;
			productType = "com.apple.product-type.application";
		};
/* End PBXNativeTarget section */

/* Begin PBXProject section */
		6374EA3815D9A920003D47D3 /* Project object */ = {
			isa = PBXProject;
			attributes = {
				LastUpgradeCheck = 0440;
				ORGANIZATIONNAME = "Stanford Laptop Orchestra";
			};
			buildConfigurationList = 6374EA3B15D9A920003D47D3 /* Build configuration list for PBXProject "Oscillator" */;
			compatibilityVersion = "Xcode 3.2";
			developmentRegion = English;
			hasScannedForEncodings = 0;
			knownRegions = (
				en,
			);
			mainGroup = 6374EA3615D9A920003D47D3;
			productRefGroup = 6374EA4215D9A920003D47D3 /* Products */;
			projectDirPath = "";
			projectRoot = "";
			targets = (
				6374EA4015D9A920003D47D3 /* Oscillator */,
			);
		};
/* End PBXProject section */

/* Begin PBXResourcesBuildPhase section */
		6374EA3F15D9A920003D47D3 /* Resources */ = {
			isa = PBXResourcesBuildPhase;
			buildActionMask = 2147483647;
			files = (
				6374EA5015D9A921003D47D3 /* InfoPlist.strings in Resources */,
				6374EA5C15D9A921003D47D3 /* ViewController_iPhone.xib in Resources */,
				6374EA5F15D9A921003D47D3 /* ViewController_iPad.xib in Resources */,
			);
			runOnlyForDeploymentPostprocessing = 0;
		};
/* End PBXResourcesBuildPhase section */

/* Begin PBXSourcesBuildPhase section */
		6374EA3D15D9A920003D47D3 /* Sources */ = {
			isa = PBXSourcesBuildPhase;
			buildActionMask = 2147483647;
			files = (
				6374EA5215D9A921003D47D3 /* main.m in Sources */,
				6374EA5615D9A921003D47D3 /* AppDelegate.m in Sources */,
				6374EA5915D9A921003D47D3 /* ViewController.mm in Sources */,
				6374EA6815D9A95F003D47D3 /* mo_audio.mm in Sources */,
				6374EA6F15D9A99B003D47D3 /* Audio.cpp in Sources */,
			);
			runOnlyForDeploymentPostprocessing = 0;
		};
/* End PBXSourcesBuildPhase section */

/* Begin PBXVariantGroup section */
		6374EA4E15D9A921003D47D3 /* InfoPlist.strings */ = {
			isa = PBXVariantGroup;
			children = (
				6374EA4F15D9A921003D47D3 /* en */,
			);
			name = InfoPlist.strings;
			sourceTree = "<group>";
		};
		6374EA5A15D9A921003D47D3 /* ViewController_iPhone.xib */ = {
			isa = PBXVariantGroup;
			children = (
				6374EA5B15D9A921003D47D3 /* en */,
			);
			name = ViewController_iPhone.xib;
			sourceTree = "<group>";
		};
		6374EA5D15D9A921003D47D3 /* ViewController_iPad.xib */ = {
			isa = PBXVariantGroup;
			children = (
				6374EA5E15D9A921003D47D3 /* en */,
			);
			name = ViewController_iPad.xib;
			sourceTree = "<group>";
		};
/* End PBXVariantGroup section */

/* Begin XCBuildConfiguration section */
		6374EA6015D9A921003D47D3 /* Debug */ = {
			isa = XCBuildConfiguration;
			buildSettings = {
				ALWAYS_SEARCH_USER_PATHS = NO;
				ARCHS = "$(ARCHS_STANDARD_32_BIT)";
				CLANG_CXX_LANGUAGE_STANDARD = "gnu++0x";
				CLANG_ENABLE_OBJC_ARC = YES;
				CLANG_WARN__DUPLICATE_METHOD_MATCH = YES;
				"CODE_SIGN_IDENTITY[sdk=iphoneos*]" = "iPhone Developer";
				COPY_PHASE_STRIP = NO;
				GCC_C_LANGUAGE_STANDARD = gnu99;
				GCC_DYNAMIC_NO_PIC = NO;
				GCC_OPTIMIZATION_LEVEL = 0;
				GCC_PREPROCESSOR_DEFINITIONS = (
					"DEBUG=1",
					"$(inherited)",
				);
				GCC_SYMBOLS_PRIVATE_EXTERN = NO;
				GCC_VERSION = com.apple.compilers.llvm.clang.1_0;
				GCC_WARN_ABOUT_RETURN_TYPE = YES;
				GCC_WARN_UNINITIALIZED_AUTOS = YES;
				GCC_WARN_UNUSED_VARIABLE = YES;
				IPHONEOS_DEPLOYMENT_TARGET = 5.1;
				SDKROOT = iphoneos;
				TARGETED_DEVICE_FAMILY = "1,2";
			};
			name = Debug;
		};
		6374EA6115D9A921003D47D3 /* Release */ = {
			isa = XCBuildConfiguration;
			buildSettings = {
				ALWAYS_SEARCH_USER_PATHS = NO;
				ARCHS = "$(ARCHS_STANDARD_32_BIT)";
				CLANG_CXX_LANGUAGE_STANDARD = "gnu++0x";
				CLANG_ENABLE_OBJC_ARC = YES;
				CLANG_WARN__DUPLICATE_METHOD_MATCH = YES;
				"CODE_SIGN_IDENTITY[sdk=iphoneos*]" = "iPhone Developer";
				COPY_PHASE_STRIP = YES;
				GCC_C_LANGUAGE_STANDARD = gnu99;
				GCC_VERSION = com.apple.compilers.llvm.clang.1_0;
				GCC_WARN_ABOUT_RETURN_TYPE = YES;
				GCC_WARN_UNINITIALIZED_AUTOS = YES;
				GCC_WARN_UNUSED_VARIABLE = YES;
				IPHONEOS_DEPLOYMENT_TARGET = 5.1;
				OTHER_CFLAGS = "-DNS_BLOCK_ASSERTIONS=1";
				SDKROOT = iphoneos;
				TARGETED_DEVICE_FAMILY = "1,2";
				VALIDATE_PRODUCT = YES;
			};
			name = Release;
		};
		6374EA6315D9A921003D47D3 /* Debug */ = {
			isa = XCBuildConfiguration;
			buildSettings = {
				GCC_PRECOMPILE_PREFIX_HEADER = YES;
				GCC_PREFIX_HEADER = "Oscillator/Oscillator-Prefix.pch";
				INFOPLIST_FILE = "Oscillator/Oscillator-Info.plist";
				PRODUCT_NAME = "$(TARGET_NAME)";
				WRAPPER_EXTENSION = app;
			};
			name = Debug;
		};
		6374EA6415D9A921003D47D3 /* Release */ = {
			isa = XCBuildConfiguration;
			buildSettings = {
				GCC_PRECOMPILE_PREFIX_HEADER = YES;
				GCC_PREFIX_HEADER = "Oscillator/Oscillator-Prefix.pch";
				INFOPLIST_FILE = "Oscillator/Oscillator-Info.plist";
				PRODUCT_NAME = "$(TARGET_NAME)";
				WRAPPER_EXTENSION = app;
			};
			name = Release;
		};
/* End XCBuildConfiguration section */

/* Begin XCConfigurationList section */
		6374EA3B15D9A920003D47D3 /* Build configuration list for PBXProject "Oscillator" */ = {
			isa = XCConfigurationList;
			buildConfigurations = (
				6374EA6015D9A921003D47D3 /* Debug */,
				6374EA6115D9A921003D47D3 /* Release */,
			);
			defaultConfigurationIsVisible = 0;
			defaultConfigurationName = Release;
		};
		6374EA6215D9A921003D47D3 /* Build configuration list for PBXNativeTarget "Oscillator" */ = {
			isa = XCConfigurationList;
			buildConfigurations = (
				6374EA6315D9A921003D47D3 /* Debug */,
				6374EA6415D9A921003D47D3 /* Release */,
			);
			defaultConfigurationIsVisible = 0;
		};
/* End XCConfigurationList section */
	};
	rootObject = 6374EA3815D9A920003D47D3 /* Project object */;
}
